
Microsoft Visual Studio Solution File, Format Version 12.00
# Visual Studio Version 16
VisualStudioVersion = 16.0.30104.148
MinimumVisualStudioVersion = 10.0.40219.1
Project("{FAE04EC0-301F-11D3-BF4B-00C04F79EFBC}") = "InheritanceMP", "InheritanceMP\InheritanceMP.csproj", "{69C95DF6-B749-477A-A57F-0AD8DCEA59CF}"
EndProject
Project("{FAE04EC0-301F-11D3-BF4B-00C04F79EFBC}") = "CardGame", "CarGame\CardGame.csproj", "{5F3E7F84-FDFE-44D6-BF35-D6AFC5401518}"
EndProject
Global
	GlobalSection(SolutionConfigurationPlatforms) = preSolution
		Debug|Any CPU = Debug|Any CPU
		Release|Any CPU = Release|Any CPU
	EndGlobalSection
	GlobalSection(ProjectConfigurationPlatforms) = postSolution
		{69C95DF6-B749-477A-A57F-0AD8DCEA59CF}.Debug|Any CPU.ActiveCfg = Debug|Any CPU
		{69C95DF6-B749-477A-A57F-0AD8DCEA59CF}.Debug|Any CPU.Build.0 = Debug|Any CPU
		{69C95DF6-B749-477A-A57F-0AD8DCEA59CF}.Release|Any CPU.ActiveCfg = Release|Any CPU
		{69C95DF6-B749-477A-A57F-0AD8DCEA59CF}.Release|Any CPU.Build.0 = Release|Any CPU
		{5F3E7F84-FDFE-44D6-BF35-D6AFC5401518}.Debug|Any CPU.ActiveCfg = Debug|Any CPU
		{5F3E7F84-FDFE-44D6-BF35-D6AFC5401518}.Debug|Any CPU.Build.0 = Debug|Any CPU
		{5F3E7F84-FDFE-44D6-BF35-D6AFC5401518}.Release|Any CPU.ActiveCfg = Release|Any CPU
		{5F3E7F84-FDFE-44D6-BF35-D6AFC5401518}.Release|Any CPU.Build.0 = Release|Any CPU
	EndGlobalSection
	GlobalSection(SolutionProperties) = preSolution
		HideSolutionNode = FALSE
	EndGlobalSection
	GlobalSection(ExtensibilityGlobals) = postSolution
		SolutionGuid = {7F9E5719-FEA3-4DC5-A40A-A8FDBB59E585}
	EndGlobalSection
EndGlobal
